{
  "name": "@ordercloud/angular-sdk",
  "version": "0.0.1-12",
  "lockfileVersion": 1,
  "requires": true,
  "dependencies": {
    "@angular/common": {
      "version": "6.0.4",
      "resolved": "https://registry.npmjs.org/@angular/common/-/common-6.0.4.tgz",
      "integrity": "sha512-z2UE6a43u49omsqjzwdHhwD+wpCPauuD13FMkVQMLwzugKhNri0LjMk5I0I9xLz9OyXICm2B+wPAQN4d07savg==",
      "dev": true,
      "requires": {
        "tslib": "^1.9.0"
      }
    },
    "@angular/compiler": {
      "version": "6.0.4",
      "resolved": "https://registry.npmjs.org/@angular/compiler/-/compiler-6.0.4.tgz",
      "integrity": "sha512-qwjuPacuRKUroD+xev653mljV9Jwhi2tvwGo/cVadq0isJ2rVH1hO6sa1FWFnNf1KPnyolMobZlMgg8DFW/yRw==",
      "dev": true,
      "requires": {
        "tslib": "^1.9.0"
      }
    },
    "@angular/core": {
      "version": "6.0.4",
      "resolved": "https://registry.npmjs.org/@angular/core/-/core-6.0.4.tgz",
      "integrity": "sha512-WCW8wyRoIKkjGjOjVLFpUyhQw/K0//s3W0qo1/vH6m9njC63jP/VP+2Xnt8bdtgeET2NYUeyl+w/0vUXqYlnEA==",
      "dev": true,
      "requires": {
        "tslib": "^1.9.0"
      }
    },
    "@angular/http": {
      "version": "6.0.4",
      "resolved": "https://registry.npmjs.org/@angular/http/-/http-6.0.4.tgz",
      "integrity": "sha512-bq7cS0/5hM3Af3FolEe7HpKP19/7MJWIPGi5k9rYCGM4dXKFiKa+LA/SbXE0DMiKxhAQbZDwQ9HN04r70DRyBQ==",
      "dev": true,
      "requires": {
        "tslib": "^1.9.0"
      }
    },
    "@angular/platform-browser": {
      "version": "6.0.4",
      "resolved": "https://registry.npmjs.org/@angular/platform-browser/-/platform-browser-6.0.4.tgz",
      "integrity": "sha512-4y6rSqOLuBs+RL0CIM+RZ5T8a5Tm1NisZcTUGvM8lVYPNkqTzNfHQXhBq8mTgRw9JopEwOj+UEqBbgrNX715yQ==",
      "dev": true,
      "requires": {
        "tslib": "^1.9.0"
      }
    },
    "ngx-cookie": {
      "version": "2.0.1",
      "resolved": "https://registry.npmjs.org/ngx-cookie/-/ngx-cookie-2.0.1.tgz",
      "integrity": "sha512-3+agXZkoPxRP3IyELf7Eiuhk6TX+EAX974kkCR6Xjm+N7boEA+Fin2Q90AAE4XZzY48skkVzLH96TOikb5yU3g==",
      "dev": true
    },
    "rxjs": {
      "version": "6.2.1",
      "resolved": "https://registry.npmjs.org/rxjs/-/rxjs-6.2.1.tgz",
      "integrity": "sha512-OwMxHxmnmHTUpgO+V7dZChf3Tixf4ih95cmXjzzadULziVl/FKhHScGLj4goEw9weePVOH2Q0+GcCBUhKCZc/g==",
      "dev": true,
      "requires": {
        "tslib": "^1.9.0"
      }
    },
    "tslib": {
      "version": "1.9.2",
      "resolved": "https://registry.npmjs.org/tslib/-/tslib-1.9.2.tgz",
      "integrity": "sha512-AVP5Xol3WivEr7hnssHDsaM+lVrVXWUvd1cfXTRkTj80b//6g2wIFEH6hZG0muGZRnHGrfttpdzRk3YlBkWjKw==",
      "dev": true
    },
    "typescript": {
      "version": "2.8.3",
      "resolved": "https://registry.npmjs.org/typescript/-/typescript-2.8.3.tgz",
      "integrity": "sha512-K7g15Bb6Ra4lKf7Iq2l/I5/En+hLIHmxWZGq3D4DIRNFxMNV6j2SHSvDOqs2tGd4UvD/fJvrwopzQXjLrT7Itw==",
      "dev": true
    },
    "zone.js": {
      "version": "0.8.26",
      "resolved": "https://registry.npmjs.org/zone.js/-/zone.js-0.8.26.tgz",
      "integrity": "sha512-W9Nj+UmBJG251wkCacIkETgra4QgBo/vgoEkb4a2uoLzpQG7qF9nzwoLXWU5xj3Fg2mxGvEDh47mg24vXccYjA==",
      "dev": true
    }
  }
}
